dependencies:
  espressif/cmake_utilities:
    component_hash: 351350613ceafba240b761b4ea991e0f231ac7a9f59a9ee901f751bddc0bb18f
    dependencies:
    - name: idf
      require: private
      version: '>=4.1'
    source:
      registry_url: https://components.espressif.com/
      type: service
    version: 0.5.3
  idf:
    source:
      type: idf
    version: 5.5.0
direct_dependencies:
- espressif/cmake_utilities
- idf
manifest_hash: 839afd86fa381d0c4c3fdd076ebe0483f8122d9f5c8d70b085b3806513ec707d
target: esp32
version: 2.0.0
